
Microsoft Visual Studio Solution File, Format Version 12.00
# Visual Studio 15
VisualStudioVersion = 15.0.27130.2010
MinimumVisualStudioVersion = 10.0.40219.1
Project("{2150E333-8FDC-42A3-9474-1A3956D46DE8}") = "Data", "Data", "{D934C705-C081-4550-85B1-34277613FCBD}"
EndProject
Project("{2150E333-8FDC-42A3-9474-1A3956D46DE8}") = "WebUI", "WebUI", "{4D58528D-8E6A-4F6F-B3AA-D6B9B7333A88}"
EndProject
Project("{FAE04EC0-301F-11D3-BF4B-00C04F79EFBC}") = "Profile.Common", "Profile.Common\Profile.Common.csproj", "{60736AF9-1524-446E-85AA-D3FE36D13D01}"
EndProject
Project("{FAE04EC0-301F-11D3-BF4B-00C04F79EFBC}") = "Profile.Data.Access", "Profile.Data.Access\Profile.Data.Access.csproj", "{AA4A3105-2512-461E-8A98-DCDBC92EB22A}"
EndProject
Project("{FAE04EC0-301F-11D3-BF4B-00C04F79EFBC}") = "Profile.Data.Objects", "Profile.Data.Objects\Profile.Data.Objects.csproj", "{00D8FB8C-6844-4F2B-8DEB-786ECDE3D839}"
EndProject
Project("{2150E333-8FDC-42A3-9474-1A3956D46DE8}") = "Access", "Access", "{69CBFD6B-0AE7-405E-9F56-08755017748E}"
EndProject
Project("{FAE04EC0-301F-11D3-BF4B-00C04F79EFBC}") = "Profile.Access.Common", "Profile.Access.Common\Profile.Access.Common.csproj", "{F12A4272-0488-417A-9653-32A590285B75}"
EndProject
Project("{FAE04EC0-301F-11D3-BF4B-00C04F79EFBC}") = "Profile.Access.Repository", "Profile.Access.Repository\Profile.Access.Repository.csproj", "{AAED51A8-5481-41F0-8217-B7A9459170B9}"
EndProject
Project("{FAE04EC0-301F-11D3-BF4B-00C04F79EFBC}") = "Profile.Access.Service", "Profile.Access.Service\Profile.Access.Service.csproj", "{9C3B9524-D004-4EE7-9EA3-6A0C58E55510}"
EndProject
Project("{FAE04EC0-301F-11D3-BF4B-00C04F79EFBC}") = "Profile.Web", "Profile.Web\Profile.Web.csproj", "{E9C61DB6-BDAA-4F79-A0F2-0833EAEB27CC}"
EndProject
Global
	GlobalSection(SolutionConfigurationPlatforms) = preSolution
		Debug|Any CPU = Debug|Any CPU
		Release|Any CPU = Release|Any CPU
	EndGlobalSection
	GlobalSection(ProjectConfigurationPlatforms) = postSolution
		{60736AF9-1524-446E-85AA-D3FE36D13D01}.Debug|Any CPU.ActiveCfg = Debug|Any CPU
		{60736AF9-1524-446E-85AA-D3FE36D13D01}.Debug|Any CPU.Build.0 = Debug|Any CPU
		{60736AF9-1524-446E-85AA-D3FE36D13D01}.Release|Any CPU.ActiveCfg = Release|Any CPU
		{60736AF9-1524-446E-85AA-D3FE36D13D01}.Release|Any CPU.Build.0 = Release|Any CPU
		{AA4A3105-2512-461E-8A98-DCDBC92EB22A}.Debug|Any CPU.ActiveCfg = Debug|Any CPU
		{AA4A3105-2512-461E-8A98-DCDBC92EB22A}.Debug|Any CPU.Build.0 = Debug|Any CPU
		{AA4A3105-2512-461E-8A98-DCDBC92EB22A}.Release|Any CPU.ActiveCfg = Release|Any CPU
		{AA4A3105-2512-461E-8A98-DCDBC92EB22A}.Release|Any CPU.Build.0 = Release|Any CPU
		{00D8FB8C-6844-4F2B-8DEB-786ECDE3D839}.Debug|Any CPU.ActiveCfg = Debug|Any CPU
		{00D8FB8C-6844-4F2B-8DEB-786ECDE3D839}.Debug|Any CPU.Build.0 = Debug|Any CPU
		{00D8FB8C-6844-4F2B-8DEB-786ECDE3D839}.Release|Any CPU.ActiveCfg = Release|Any CPU
		{00D8FB8C-6844-4F2B-8DEB-786ECDE3D839}.Release|Any CPU.Build.0 = Release|Any CPU
		{F12A4272-0488-417A-9653-32A590285B75}.Debug|Any CPU.ActiveCfg = Debug|Any CPU
		{F12A4272-0488-417A-9653-32A590285B75}.Debug|Any CPU.Build.0 = Debug|Any CPU
		{F12A4272-0488-417A-9653-32A590285B75}.Release|Any CPU.ActiveCfg = Release|Any CPU
		{F12A4272-0488-417A-9653-32A590285B75}.Release|Any CPU.Build.0 = Release|Any CPU
		{AAED51A8-5481-41F0-8217-B7A9459170B9}.Debug|Any CPU.ActiveCfg = Debug|Any CPU
		{AAED51A8-5481-41F0-8217-B7A9459170B9}.Debug|Any CPU.Build.0 = Debug|Any CPU
		{AAED51A8-5481-41F0-8217-B7A9459170B9}.Release|Any CPU.ActiveCfg = Release|Any CPU
		{AAED51A8-5481-41F0-8217-B7A9459170B9}.Release|Any CPU.Build.0 = Release|Any CPU
		{9C3B9524-D004-4EE7-9EA3-6A0C58E55510}.Debug|Any CPU.ActiveCfg = Debug|Any CPU
		{9C3B9524-D004-4EE7-9EA3-6A0C58E55510}.Debug|Any CPU.Build.0 = Debug|Any CPU
		{9C3B9524-D004-4EE7-9EA3-6A0C58E55510}.Release|Any CPU.ActiveCfg = Release|Any CPU
		{9C3B9524-D004-4EE7-9EA3-6A0C58E55510}.Release|Any CPU.Build.0 = Release|Any CPU
		{E9C61DB6-BDAA-4F79-A0F2-0833EAEB27CC}.Debug|Any CPU.ActiveCfg = Debug|Any CPU
		{E9C61DB6-BDAA-4F79-A0F2-0833EAEB27CC}.Debug|Any CPU.Build.0 = Debug|Any CPU
		{E9C61DB6-BDAA-4F79-A0F2-0833EAEB27CC}.Release|Any CPU.ActiveCfg = Release|Any CPU
		{E9C61DB6-BDAA-4F79-A0F2-0833EAEB27CC}.Release|Any CPU.Build.0 = Release|Any CPU
	EndGlobalSection
	GlobalSection(SolutionProperties) = preSolution
		HideSolutionNode = FALSE
	EndGlobalSection
	GlobalSection(NestedProjects) = preSolution
		{60736AF9-1524-446E-85AA-D3FE36D13D01} = {D934C705-C081-4550-85B1-34277613FCBD}
		{AA4A3105-2512-461E-8A98-DCDBC92EB22A} = {D934C705-C081-4550-85B1-34277613FCBD}
		{00D8FB8C-6844-4F2B-8DEB-786ECDE3D839} = {D934C705-C081-4550-85B1-34277613FCBD}
		{F12A4272-0488-417A-9653-32A590285B75} = {69CBFD6B-0AE7-405E-9F56-08755017748E}
		{AAED51A8-5481-41F0-8217-B7A9459170B9} = {69CBFD6B-0AE7-405E-9F56-08755017748E}
		{9C3B9524-D004-4EE7-9EA3-6A0C58E55510} = {69CBFD6B-0AE7-405E-9F56-08755017748E}
		{E9C61DB6-BDAA-4F79-A0F2-0833EAEB27CC} = {4D58528D-8E6A-4F6F-B3AA-D6B9B7333A88}
	EndGlobalSection
	GlobalSection(ExtensibilityGlobals) = postSolution
		SolutionGuid = {AE61AAE3-1339-4FB6-8BDE-CD3F1700620D}
	EndGlobalSection
EndGlobal
